
Microsoft Visual Studio Solution File, Format Version 12.00
# Visual Studio 15
VisualStudioVersion = 15.0.27130.2027
MinimumVisualStudioVersion = 10.0.40219.1
Project("{9A19103F-16F7-4668-BE54-9A1E7A4F7556}") = "TransparentApiClient.Google.BigQuery.V2", "TransparentApiClient.Google.BigQuery.V2\TransparentApiClient.Google.BigQuery.V2.csproj", "{B897D5C6-C5E9-4D50-8B62-F119D8331BEA}"
EndProject
Project("{9A19103F-16F7-4668-BE54-9A1E7A4F7556}") = "TransparentApiClient.Google.BigQuery.V2.TestApplication", "TransparentApiClient.Google.BigQuery.V2.TestApplication\TransparentApiClient.Google.BigQuery.V2.TestApplication.csproj", "{47230FDC-0BBE-4800-B053-D77D5C54F06B}"
EndProject
Project("{9A19103F-16F7-4668-BE54-9A1E7A4F7556}") = "TransparentApiClient.Google.PubSub.V1", "TransparentApiClient.Google.PubSub.V1\TransparentApiClient.Google.PubSub.V1.csproj", "{3C48E6BA-414E-41B6-961D-AD8FB218FC17}"
EndProject
Project("{9A19103F-16F7-4668-BE54-9A1E7A4F7556}") = "TransparentApiClient.Google.Core", "TransparentApiClient.Google.Core\TransparentApiClient.Google.Core.csproj", "{AC74140E-C7E1-4CF3-9717-3CFA87EB7DA5}"
EndProject
Project("{2150E333-8FDC-42A3-9474-1A3956D46DE8}") = "TestApplications", "TestApplications", "{033ABA6E-2BB9-4B54-947E-05966969DD8A}"
EndProject
Project("{2150E333-8FDC-42A3-9474-1A3956D46DE8}") = "Tooling", "Tooling", "{ADFB82CC-D61A-4969-B61B-09A910071C05}"
EndProject
Project("{9A19103F-16F7-4668-BE54-9A1E7A4F7556}") = "TransparentApiClient.Google.SchemasFileGenerator", "TransparentApiClient.Google.SchemasFileGenerator\TransparentApiClient.Google.SchemasFileGenerator.csproj", "{757C8E87-B824-4EA9-8410-B29E7F7BA6A7}"
EndProject
Project("{9A19103F-16F7-4668-BE54-9A1E7A4F7556}") = "TransparentApiClient.Google.Gmail.V1", "TransparentApiClient.Google.Gmail.V1\TransparentApiClient.Google.Gmail.V1.csproj", "{3EE2C358-2ECD-44F2-BDF1-9D19F30B32F4}"
EndProject
Project("{2150E333-8FDC-42A3-9474-1A3956D46DE8}") = "Solution Items", "Solution Items", "{12A63DB5-1857-441D-BC99-163DE7375967}"
	ProjectSection(SolutionItems) = preProject
		.editorconfig = .editorconfig
	EndProjectSection
EndProject
Project("{FAE04EC0-301F-11D3-BF4B-00C04F79EFBC}") = "TransparentApiClient.Google.BigqueryDataTransfer.V1", "TransparentApiClient.Google.BigqueryDataTransfer.V1\TransparentApiClient.Google.BigqueryDataTransfer.V1.csproj", "{15D718E7-6A27-432F-8E39-D0F4B2F3D66D}"
EndProject
Global
	GlobalSection(SolutionConfigurationPlatforms) = preSolution
		Debug|Any CPU = Debug|Any CPU
		Release|Any CPU = Release|Any CPU
	EndGlobalSection
	GlobalSection(ProjectConfigurationPlatforms) = postSolution
		{B897D5C6-C5E9-4D50-8B62-F119D8331BEA}.Debug|Any CPU.ActiveCfg = Debug|Any CPU
		{B897D5C6-C5E9-4D50-8B62-F119D8331BEA}.Debug|Any CPU.Build.0 = Debug|Any CPU
		{B897D5C6-C5E9-4D50-8B62-F119D8331BEA}.Release|Any CPU.ActiveCfg = Release|Any CPU
		{B897D5C6-C5E9-4D50-8B62-F119D8331BEA}.Release|Any CPU.Build.0 = Release|Any CPU
		{47230FDC-0BBE-4800-B053-D77D5C54F06B}.Debug|Any CPU.ActiveCfg = Debug|Any CPU
		{47230FDC-0BBE-4800-B053-D77D5C54F06B}.Debug|Any CPU.Build.0 = Debug|Any CPU
		{47230FDC-0BBE-4800-B053-D77D5C54F06B}.Release|Any CPU.ActiveCfg = Release|Any CPU
		{47230FDC-0BBE-4800-B053-D77D5C54F06B}.Release|Any CPU.Build.0 = Release|Any CPU
		{3C48E6BA-414E-41B6-961D-AD8FB218FC17}.Debug|Any CPU.ActiveCfg = Debug|Any CPU
		{3C48E6BA-414E-41B6-961D-AD8FB218FC17}.Debug|Any CPU.Build.0 = Debug|Any CPU
		{3C48E6BA-414E-41B6-961D-AD8FB218FC17}.Release|Any CPU.ActiveCfg = Release|Any CPU
		{3C48E6BA-414E-41B6-961D-AD8FB218FC17}.Release|Any CPU.Build.0 = Release|Any CPU
		{AC74140E-C7E1-4CF3-9717-3CFA87EB7DA5}.Debug|Any CPU.ActiveCfg = Debug|Any CPU
		{AC74140E-C7E1-4CF3-9717-3CFA87EB7DA5}.Debug|Any CPU.Build.0 = Debug|Any CPU
		{AC74140E-C7E1-4CF3-9717-3CFA87EB7DA5}.Release|Any CPU.ActiveCfg = Release|Any CPU
		{AC74140E-C7E1-4CF3-9717-3CFA87EB7DA5}.Release|Any CPU.Build.0 = Release|Any CPU
		{757C8E87-B824-4EA9-8410-B29E7F7BA6A7}.Debug|Any CPU.ActiveCfg = Debug|Any CPU
		{757C8E87-B824-4EA9-8410-B29E7F7BA6A7}.Debug|Any CPU.Build.0 = Debug|Any CPU
		{757C8E87-B824-4EA9-8410-B29E7F7BA6A7}.Release|Any CPU.ActiveCfg = Release|Any CPU
		{757C8E87-B824-4EA9-8410-B29E7F7BA6A7}.Release|Any CPU.Build.0 = Release|Any CPU
		{3EE2C358-2ECD-44F2-BDF1-9D19F30B32F4}.Debug|Any CPU.ActiveCfg = Debug|Any CPU
		{3EE2C358-2ECD-44F2-BDF1-9D19F30B32F4}.Debug|Any CPU.Build.0 = Debug|Any CPU
		{3EE2C358-2ECD-44F2-BDF1-9D19F30B32F4}.Release|Any CPU.ActiveCfg = Release|Any CPU
		{3EE2C358-2ECD-44F2-BDF1-9D19F30B32F4}.Release|Any CPU.Build.0 = Release|Any CPU
		{15D718E7-6A27-432F-8E39-D0F4B2F3D66D}.Debug|Any CPU.ActiveCfg = Debug|Any CPU
		{15D718E7-6A27-432F-8E39-D0F4B2F3D66D}.Debug|Any CPU.Build.0 = Debug|Any CPU
		{15D718E7-6A27-432F-8E39-D0F4B2F3D66D}.Release|Any CPU.ActiveCfg = Release|Any CPU
		{15D718E7-6A27-432F-8E39-D0F4B2F3D66D}.Release|Any CPU.Build.0 = Release|Any CPU
	EndGlobalSection
	GlobalSection(SolutionProperties) = preSolution
		HideSolutionNode = FALSE
	EndGlobalSection
	GlobalSection(NestedProjects) = preSolution
		{47230FDC-0BBE-4800-B053-D77D5C54F06B} = {033ABA6E-2BB9-4B54-947E-05966969DD8A}
		{757C8E87-B824-4EA9-8410-B29E7F7BA6A7} = {ADFB82CC-D61A-4969-B61B-09A910071C05}
	EndGlobalSection
	GlobalSection(ExtensibilityGlobals) = postSolution
		SolutionGuid = {7B134FB0-C993-4F1C-B134-D0E51215B43F}
	EndGlobalSection
EndGlobal
